// !$*UTF8*$!
{
	archiveVersion = 1;
	classes = {
	};
	objectVersion = 56;
	objects = {

/* Begin PBXBuildFile section */
		C432F6312A38032D00B8E11C /* GraphQLService.swift in Sources */ = {isa = PBXBuildFile; fileRef = C432F6302A38032D00B8E11C /* GraphQLService.swift */; };
		C432F6332A38034700B8E11C /* CharacterViewModel.swift in Sources */ = {isa = PBXBuildFile; fileRef = C432F6322A38034700B8E11C /* CharacterViewModel.swift */; };
		C432F63B2A3822F100B8E11C /* GetCharacters.graphql in Resources */ = {isa = PBXBuildFile; fileRef = C432F63A2A3822F100B8E11C /* GetCharacters.graphql */; };
		C4851E2F2A3ABEA600176ACE /* Apollo in Frameworks */ = {isa = PBXBuildFile; productRef = C4851E2E2A3ABEA600176ACE /* Apollo */; };
		C4851E302A3AC39F00176ACE /* schema.graphqls in Resources */ = {isa = PBXBuildFile; fileRef = C4851E292A3ABB6C00176ACE /* schema.graphqls */; };
		C4851E372A3AD95100176ACE /* RickNMortyAPI in Frameworks */ = {isa = PBXBuildFile; productRef = C4851E362A3AD95100176ACE /* RickNMortyAPI */; };
		C4EE090F2A37C49200F663FB /* RickAndMortyApp.swift in Sources */ = {isa = PBXBuildFile; fileRef = C4EE090E2A37C49200F663FB /* RickAndMortyApp.swift */; };
		C4EE09112A37C49200F663FB /* CharactersListView.swift in Sources */ = {isa = PBXBuildFile; fileRef = C4EE09102A37C49200F663FB /* CharactersListView.swift */; };
		C4EE09132A37C49400F663FB /* Assets.xcassets in Resources */ = {isa = PBXBuildFile; fileRef = C4EE09122A37C49400F663FB /* Assets.xcassets */; };
		C4EE09162A37C49400F663FB /* Preview Assets.xcassets in Resources */ = {isa = PBXBuildFile; fileRef = C4EE09152A37C49400F663FB /* Preview Assets.xcassets */; };
		C4EE09272A37FFDD00F663FB /* CharactersListViewModel.swift in Sources */ = {isa = PBXBuildFile; fileRef = C4EE09262A37FFDD00F663FB /* CharactersListViewModel.swift */; };
/* End PBXBuildFile section */

/* Begin PBXFileReference section */
		C432F6302A38032D00B8E11C /* GraphQLService.swift */ = {isa = PBXFileReference; lastKnownFileType = sourcecode.swift; path = GraphQLService.swift; sourceTree = "<group>"; };
		C432F6322A38034700B8E11C /* CharacterViewModel.swift */ = {isa = PBXFileReference; lastKnownFileType = sourcecode.swift; path = CharacterViewModel.swift; sourceTree = "<group>"; };
		C432F63A2A3822F100B8E11C /* GetCharacters.graphql */ = {isa = PBXFileReference; lastKnownFileType = text; path = GetCharacters.graphql; sourceTree = "<group>"; };
		C4851E292A3ABB6C00176ACE /* schema.graphqls */ = {isa = PBXFileReference; lastKnownFileType = text; path = schema.graphqls; sourceTree = "<group>"; };
		C4851E342A3AD8DC00176ACE /* RickNMortyAPI */ = {isa = PBXFileReference; lastKnownFileType = wrapper; name = RickNMortyAPI; path = RickAndMorty/GraphQL/RickNMortyAPI; sourceTree = "<group>"; };
		C4EE090B2A37C49200F663FB /* RickAndMorty.app */ = {isa = PBXFileReference; explicitFileType = wrapper.application; includeInIndex = 0; path = RickAndMorty.app; sourceTree = BUILT_PRODUCTS_DIR; };
		C4EE090E2A37C49200F663FB /* RickAndMortyApp.swift */ = {isa = PBXFileReference; lastKnownFileType = sourcecode.swift; path = RickAndMortyApp.swift; sourceTree = "<group>"; };
		C4EE09102A37C49200F663FB /* CharactersListView.swift */ = {isa = PBXFileReference; lastKnownFileType = sourcecode.swift; path = CharactersListView.swift; sourceTree = "<group>"; };
		C4EE09122A37C49400F663FB /* Assets.xcassets */ = {isa = PBXFileReference; lastKnownFileType = folder.assetcatalog; path = Assets.xcassets; sourceTree = "<group>"; };
		C4EE09152A37C49400F663FB /* Preview Assets.xcassets */ = {isa = PBXFileReference; lastKnownFileType = folder.assetcatalog; path = "Preview Assets.xcassets"; sourceTree = "<group>"; };
		C4EE09262A37FFDD00F663FB /* CharactersListViewModel.swift */ = {isa = PBXFileReference; lastKnownFileType = sourcecode.swift; path = CharactersListViewModel.swift; sourceTree = "<group>"; };
/* End PBXFileReference section */

/* Begin PBXFrameworksBuildPhase section */
		C4EE09082A37C49200F663FB /* Frameworks */ = {
			isa = PBXFrameworksBuildPhase;
			buildActionMask = 2147483647;
			files = (
				C4851E2F2A3ABEA600176ACE /* Apollo in Frameworks */,
				C4851E372A3AD95100176ACE /* RickNMortyAPI in Frameworks */,
			);
			runOnlyForDeploymentPostprocessing = 0;
		};
/* End PBXFrameworksBuildPhase section */

/* Begin PBXGroup section */
		C432F6342A38039F00B8E11C /* Views */ = {
			isa = PBXGroup;
			children = (
				C4EE09102A37C49200F663FB /* CharactersListView.swift */,
			);
			path = Views;
			sourceTree = "<group>";
		};
		C432F6392A3822B700B8E11C /* GraphQL */ = {
			isa = PBXGroup;
			children = (
				C4851E292A3ABB6C00176ACE /* schema.graphqls */,
				C432F63A2A3822F100B8E11C /* GetCharacters.graphql */,
			);
			path = GraphQL;
			sourceTree = "<group>";
		};
		C4851E332A3AD8DB00176ACE /* Packages */ = {
			isa = PBXGroup;
			children = (
				C4851E342A3AD8DC00176ACE /* RickNMortyAPI */,
			);
			name = Packages;
			sourceTree = "<group>";
		};
		C4EE09022A37C49200F663FB = {
			isa = PBXGroup;
			children = (
				C4851E332A3AD8DB00176ACE /* Packages */,
				C4EE090D2A37C49200F663FB /* RickAndMorty */,
				C4EE090C2A37C49200F663FB /* Products */,
			);
			sourceTree = "<group>";
		};
		C4EE090C2A37C49200F663FB /* Products */ = {
			isa = PBXGroup;
			children = (
				C4EE090B2A37C49200F663FB /* RickAndMorty.app */,
			);
			name = Products;
			sourceTree = "<group>";
		};
		C4EE090D2A37C49200F663FB /* RickAndMorty */ = {
			isa = PBXGroup;
			children = (
				C432F6392A3822B700B8E11C /* GraphQL */,
				C432F6342A38039F00B8E11C /* Views */,
				C4EE092B2A3800E400F663FB /* Services */,
				C4EE09282A37FFFE00F663FB /* Model */,
				C4EE09252A37FF4300F663FB /* ViewModels */,
				C4EE090E2A37C49200F663FB /* RickAndMortyApp.swift */,
				C4EE09122A37C49400F663FB /* Assets.xcassets */,
				C4EE09142A37C49400F663FB /* Preview Content */,
			);
			path = RickAndMorty;
			sourceTree = "<group>";
		};
		C4EE09142A37C49400F663FB /* Preview Content */ = {
			isa = PBXGroup;
			children = (
				C4EE09152A37C49400F663FB /* Preview Assets.xcassets */,
			);
			path = "Preview Content";
			sourceTree = "<group>";
		};
		C4EE09252A37FF4300F663FB /* ViewModels */ = {
			isa = PBXGroup;
			children = (
				C4EE09262A37FFDD00F663FB /* CharactersListViewModel.swift */,
				C432F6322A38034700B8E11C /* CharacterViewModel.swift */,
			);
			path = ViewModels;
			sourceTree = "<group>";
		};
		C4EE09282A37FFFE00F663FB /* Model */ = {
			isa = PBXGroup;
			children = (
			);
			path = Model;
			sourceTree = "<group>";
		};
		C4EE092B2A3800E400F663FB /* Services */ = {
			isa = PBXGroup;
			children = (
				C432F6302A38032D00B8E11C /* GraphQLService.swift */,
			);
			path = Services;
			sourceTree = "<group>";
		};
/* End PBXGroup section */

/* Begin PBXNativeTarget section */
		C4EE090A2A37C49200F663FB /* RickAndMorty */ = {
			isa = PBXNativeTarget;
			buildConfigurationList = C4EE09192A37C49400F663FB /* Build configuration list for PBXNativeTarget "RickAndMorty" */;
			buildPhases = (
				C4851E312A3AC45900176ACE /* Generate Apollo GraphQL API */,
				C4EE09072A37C49200F663FB /* Sources */,
				C4EE09082A37C49200F663FB /* Frameworks */,
				C4EE09092A37C49200F663FB /* Resources */,
			);
			buildRules = (
			);
			dependencies = (
			);
			name = RickAndMorty;
			packageProductDependencies = (
				C4851E2E2A3ABEA600176ACE /* Apollo */,
				C4851E362A3AD95100176ACE /* RickNMortyAPI */,
			);
			productName = RickAndMorty;
			productReference = C4EE090B2A37C49200F663FB /* RickAndMorty.app */;
			productType = "com.apple.product-type.application";
		};
/* End PBXNativeTarget section */

/* Begin PBXProject section */
		C4EE09032A37C49200F663FB /* Project object */ = {
			isa = PBXProject;
			attributes = {
				BuildIndependentTargetsInParallel = 1;
				LastSwiftUpdateCheck = 1430;
				LastUpgradeCheck = 1430;
				TargetAttributes = {
					C4EE090A2A37C49200F663FB = {
						CreatedOnToolsVersion = 14.3;
					};
				};
			};
			buildConfigurationList = C4EE09062A37C49200F663FB /* Build configuration list for PBXProject "RickAndMorty" */;
			compatibilityVersion = "Xcode 14.0";
			developmentRegion = en;
			hasScannedForEncodings = 0;
			knownRegions = (
				en,
				Base,
			);
			mainGroup = C4EE09022A37C49200F663FB;
			packageReferences = (
				C4851E2D2A3ABEA600176ACE /* XCRemoteSwiftPackageReference "apollo-ios" */,
			);
			productRefGroup = C4EE090C2A37C49200F663FB /* Products */;
			projectDirPath = "";
			projectRoot = "";
			targets = (
				C4EE090A2A37C49200F663FB /* RickAndMorty */,
			);
		};
/* End PBXProject section */

/* Begin PBXResourcesBuildPhase section */
		C4EE09092A37C49200F663FB /* Resources */ = {
			isa = PBXResourcesBuildPhase;
			buildActionMask = 2147483647;
			files = (
				C4851E302A3AC39F00176ACE /* schema.graphqls in Resources */,
				C432F63B2A3822F100B8E11C /* GetCharacters.graphql in Resources */,
				C4EE09162A37C49400F663FB /* Preview Assets.xcassets in Resources */,
				C4EE09132A37C49400F663FB /* Assets.xcassets in Resources */,
			);
			runOnlyForDeploymentPostprocessing = 0;
		};
/* End PBXResourcesBuildPhase section */

/* Begin PBXShellScriptBuildPhase section */
		C4851E312A3AC45900176ACE /* Generate Apollo GraphQL API */ = {
			isa = PBXShellScriptBuildPhase;
			buildActionMask = 2147483647;
			files = (
			);
			inputFileListPaths = (
			);
			inputPaths = (
			);
			name = "Generate Apollo GraphQL API";
			outputFileListPaths = (
			);
			outputPaths = (
			);
			runOnlyForDeploymentPostprocessing = 0;
			shellPath = /bin/sh;
			shellScript = "# Type a script or drag a script file from your workspace to insert its path.\n";
		};
/* End PBXShellScriptBuildPhase section */

/* Begin PBXSourcesBuildPhase section */
		C4EE09072A37C49200F663FB /* Sources */ = {
			isa = PBXSourcesBuildPhase;
			buildActionMask = 2147483647;
			files = (
				C4EE09112A37C49200F663FB /* CharactersListView.swift in Sources */,
				C4EE09272A37FFDD00F663FB /* CharactersListViewModel.swift in Sources */,
				C4EE090F2A37C49200F663FB /* RickAndMortyApp.swift in Sources */,
				C432F6312A38032D00B8E11C /* GraphQLService.swift in Sources */,
				C432F6332A38034700B8E11C /* CharacterViewModel.swift in Sources */,
			);
			runOnlyForDeploymentPostprocessing = 0;
		};
/* End PBXSourcesBuildPhase section */

/* Begin XCBuildConfiguration section */
		C4EE09172A37C49400F663FB /* Debug */ = {
			isa = XCBuildConfiguration;
			buildSettings = {
				ALWAYS_SEARCH_USER_PATHS = NO;
				CLANG_ANALYZER_NONNULL = YES;
				CLANG_ANALYZER_NUMBER_OBJECT_CONVERSION = YES_AGGRESSIVE;
				CLANG_CXX_LANGUAGE_STANDARD = "gnu++20";
				CLANG_ENABLE_MODULES = YES;
				CLANG_ENABLE_OBJC_ARC = YES;
				CLANG_ENABLE_OBJC_WEAK = YES;
				CLANG_WARN_BLOCK_CAPTURE_AUTORELEASING = YES;
				CLANG_WARN_BOOL_CONVERSION = YES;
				CLANG_WARN_COMMA = YES;
				CLANG_WARN_CONSTANT_CONVERSION = YES;
				CLANG_WARN_DEPRECATED_OBJC_IMPLEMENTATIONS = YES;
				CLANG_WARN_DIRECT_OBJC_ISA_USAGE = YES_ERROR;
				CLANG_WARN_DOCUMENTATION_COMMENTS = YES;
				CLANG_WARN_EMPTY_BODY = YES;
				CLANG_WARN_ENUM_CONVERSION = YES;
				CLANG_WARN_INFINITE_RECURSION = YES;
				CLANG_WARN_INT_CONVERSION = YES;
				CLANG_WARN_NON_LITERAL_NULL_CONVERSION = YES;
				CLANG_WARN_OBJC_IMPLICIT_RETAIN_SELF = YES;
				CLANG_WARN_OBJC_LITERAL_CONVERSION = YES;
				CLANG_WARN_OBJC_ROOT_CLASS = YES_ERROR;
				CLANG_WARN_QUOTED_INCLUDE_IN_FRAMEWORK_HEADER = YES;
				CLANG_WARN_RANGE_LOOP_ANALYSIS = YES;
				CLANG_WARN_STRICT_PROTOTYPES = YES;
				CLANG_WARN_SUSPICIOUS_MOVE = YES;
				CLANG_WARN_UNGUARDED_AVAILABILITY = YES_AGGRESSIVE;
				CLANG_WARN_UNREACHABLE_CODE = YES;
				CLANG_WARN__DUPLICATE_METHOD_MATCH = YES;
				COPY_PHASE_STRIP = NO;
				DEBUG_INFORMATION_FORMAT = dwarf;
				ENABLE_STRICT_OBJC_MSGSEND = YES;
				ENABLE_TESTABILITY = YES;
				GCC_C_LANGUAGE_STANDARD = gnu11;
				GCC_DYNAMIC_NO_PIC = NO;
				GCC_NO_COMMON_BLOCKS = YES;
				GCC_OPTIMIZATION_LEVEL = 0;
				GCC_PREPROCESSOR_DEFINITIONS = (
					"DEBUG=1",
					"$(inherited)",
				);
				GCC_WARN_64_TO_32_BIT_CONVERSION = YES;
				GCC_WARN_ABOUT_RETURN_TYPE = YES_ERROR;
				GCC_WARN_UNDECLARED_SELECTOR = YES;
				GCC_WARN_UNINITIALIZED_AUTOS = YES_AGGRESSIVE;
				GCC_WARN_UNUSED_FUNCTION = YES;
				GCC_WARN_UNUSED_VARIABLE = YES;
				IPHONEOS_DEPLOYMENT_TARGET = 16.4;
				MTL_ENABLE_DEBUG_INFO = INCLUDE_SOURCE;
				MTL_FAST_MATH = YES;
				ONLY_ACTIVE_ARCH = YES;
				SDKROOT = iphoneos;
				SWIFT_ACTIVE_COMPILATION_CONDITIONS = DEBUG;
				SWIFT_OPTIMIZATION_LEVEL = "-Onone";
			};
			name = Debug;
		};
		C4EE09182A37C49400F663FB /* Release */ = {
			isa = XCBuildConfiguration;
			buildSettings = {
				ALWAYS_SEARCH_USER_PATHS = NO;
				CLANG_ANALYZER_NONNULL = YES;
				CLANG_ANALYZER_NUMBER_OBJECT_CONVERSION = YES_AGGRESSIVE;
				CLANG_CXX_LANGUAGE_STANDARD = "gnu++20";
				CLANG_ENABLE_MODULES = YES;
				CLANG_ENABLE_OBJC_ARC = YES;
				CLANG_ENABLE_OBJC_WEAK = YES;
				CLANG_WARN_BLOCK_CAPTURE_AUTORELEASING = YES;
				CLANG_WARN_BOOL_CONVERSION = YES;
				CLANG_WARN_COMMA = YES;
				CLANG_WARN_CONSTANT_CONVERSION = YES;
				CLANG_WARN_DEPRECATED_OBJC_IMPLEMENTATIONS = YES;
				CLANG_WARN_DIRECT_OBJC_ISA_USAGE = YES_ERROR;
				CLANG_WARN_DOCUMENTATION_COMMENTS = YES;
				CLANG_WARN_EMPTY_BODY = YES;
				CLANG_WARN_ENUM_CONVERSION = YES;
				CLANG_WARN_INFINITE_RECURSION = YES;
				CLANG_WARN_INT_CONVERSION = YES;
				CLANG_WARN_NON_LITERAL_NULL_CONVERSION = YES;
				CLANG_WARN_OBJC_IMPLICIT_RETAIN_SELF = YES;
				CLANG_WARN_OBJC_LITERAL_CONVERSION = YES;
				CLANG_WARN_OBJC_ROOT_CLASS = YES_ERROR;
				CLANG_WARN_QUOTED_INCLUDE_IN_FRAMEWORK_HEADER = YES;
				CLANG_WARN_RANGE_LOOP_ANALYSIS = YES;
				CLANG_WARN_STRICT_PROTOTYPES = YES;
				CLANG_WARN_SUSPICIOUS_MOVE = YES;
				CLANG_WARN_UNGUARDED_AVAILABILITY = YES_AGGRESSIVE;
				CLANG_WARN_UNREACHABLE_CODE = YES;
				CLANG_WARN__DUPLICATE_METHOD_MATCH = YES;
				COPY_PHASE_STRIP = NO;
				DEBUG_INFORMATION_FORMAT = "dwarf-with-dsym";
				ENABLE_NS_ASSERTIONS = NO;
				ENABLE_STRICT_OBJC_MSGSEND = YES;
				GCC_C_LANGUAGE_STANDARD = gnu11;
				GCC_NO_COMMON_BLOCKS = YES;
				GCC_WARN_64_TO_32_BIT_CONVERSION = YES;
				GCC_WARN_ABOUT_RETURN_TYPE = YES_ERROR;
				GCC_WARN_UNDECLARED_SELECTOR = YES;
				GCC_WARN_UNINITIALIZED_AUTOS = YES_AGGRESSIVE;
				GCC_WARN_UNUSED_FUNCTION = YES;
				GCC_WARN_UNUSED_VARIABLE = YES;
				IPHONEOS_DEPLOYMENT_TARGET = 16.4;
				MTL_ENABLE_DEBUG_INFO = NO;
				MTL_FAST_MATH = YES;
				SDKROOT = iphoneos;
				SWIFT_COMPILATION_MODE = wholemodule;
				SWIFT_OPTIMIZATION_LEVEL = "-O";
				VALIDATE_PRODUCT = YES;
			};
			name = Release;
		};
		C4EE091A2A37C49400F663FB /* Debug */ = {
			isa = XCBuildConfiguration;
			buildSettings = {
				ASSETCATALOG_COMPILER_APPICON_NAME = AppIcon;
				ASSETCATALOG_COMPILER_GLOBAL_ACCENT_COLOR_NAME = AccentColor;
				CODE_SIGN_STYLE = Automatic;
				CURRENT_PROJECT_VERSION = 1;
				DEVELOPMENT_ASSET_PATHS = "\"RickAndMorty/Preview Content\"";
				DEVELOPMENT_TEAM = 4DZMLKAEZ7;
				ENABLE_PREVIEWS = YES;
				GENERATE_INFOPLIST_FILE = YES;
				INFOPLIST_FILE = "";
				INFOPLIST_KEY_UIApplicationSceneManifest_Generation = YES;
				INFOPLIST_KEY_UIApplicationSupportsIndirectInputEvents = YES;
				INFOPLIST_KEY_UILaunchScreen_Generation = YES;
				INFOPLIST_KEY_UISupportedInterfaceOrientations_iPad = "UIInterfaceOrientationPortrait UIInterfaceOrientationPortraitUpsideDown UIInterfaceOrientationLandscapeLeft UIInterfaceOrientationLandscapeRight";
				INFOPLIST_KEY_UISupportedInterfaceOrientations_iPhone = "UIInterfaceOrientationPortrait UIInterfaceOrientationLandscapeLeft UIInterfaceOrientationLandscapeRight";
				LD_RUNPATH_SEARCH_PATHS = (
					"$(inherited)",
					"@executable_path/Frameworks",
				);
				MARKETING_VERSION = 1.0;
				PRODUCT_BUNDLE_IDENTIFIER = com.armand.RickAndMorty;
				PRODUCT_NAME = "$(TARGET_NAME)";
				SWIFT_EMIT_LOC_STRINGS = YES;
				SWIFT_VERSION = 5.0;
				TARGETED_DEVICE_FAMILY = "1,2";
			};
			name = Debug;
		};
		C4EE091B2A37C49400F663FB /* Release */ = {
			isa = XCBuildConfiguration;
			buildSettings = {
				ASSETCATALOG_COMPILER_APPICON_NAME = AppIcon;
				ASSETCATALOG_COMPILER_GLOBAL_ACCENT_COLOR_NAME = AccentColor;
				CODE_SIGN_STYLE = Automatic;
				CURRENT_PROJECT_VERSION = 1;
				DEVELOPMENT_ASSET_PATHS = "\"RickAndMorty/Preview Content\"";
				DEVELOPMENT_TEAM = 4DZMLKAEZ7;
				ENABLE_PREVIEWS = YES;
				GENERATE_INFOPLIST_FILE = YES;
				INFOPLIST_FILE = "";
				INFOPLIST_KEY_UIApplicationSceneManifest_Generation = YES;
				INFOPLIST_KEY_UIApplicationSupportsIndirectInputEvents = YES;
				INFOPLIST_KEY_UILaunchScreen_Generation = YES;
				INFOPLIST_KEY_UISupportedInterfaceOrientations_iPad = "UIInterfaceOrientationPortrait UIInterfaceOrientationPortraitUpsideDown UIInterfaceOrientationLandscapeLeft UIInterfaceOrientationLandscapeRight";
				INFOPLIST_KEY_UISupportedInterfaceOrientations_iPhone = "UIInterfaceOrientationPortrait UIInterfaceOrientationLandscapeLeft UIInterfaceOrientationLandscapeRight";
				LD_RUNPATH_SEARCH_PATHS = (
					"$(inherited)",
					"@executable_path/Frameworks",
				);
				MARKETING_VERSION = 1.0;
				PRODUCT_BUNDLE_IDENTIFIER = com.armand.RickAndMorty;
				PRODUCT_NAME = "$(TARGET_NAME)";
				SWIFT_EMIT_LOC_STRINGS = YES;
				SWIFT_VERSION = 5.0;
				TARGETED_DEVICE_FAMILY = "1,2";
			};
			name = Release;
		};
/* End XCBuildConfiguration section */

/* Begin XCConfigurationList section */
		C4EE09062A37C49200F663FB /* Build configuration list for PBXProject "RickAndMorty" */ = {
			isa = XCConfigurationList;
			buildConfigurations = (
				C4EE09172A37C49400F663FB /* Debug */,
				C4EE09182A37C49400F663FB /* Release */,
			);
			defaultConfigurationIsVisible = 0;
			defaultConfigurationName = Release;
		};
		C4EE09192A37C49400F663FB /* Build configuration list for PBXNativeTarget "RickAndMorty" */ = {
			isa = XCConfigurationList;
			buildConfigurations = (
				C4EE091A2A37C49400F663FB /* Debug */,
				C4EE091B2A37C49400F663FB /* Release */,
			);
			defaultConfigurationIsVisible = 0;
			defaultConfigurationName = Release;
		};
/* End XCConfigurationList section */

/* Begin XCRemoteSwiftPackageReference section */
		C4851E2D2A3ABEA600176ACE /* XCRemoteSwiftPackageReference "apollo-ios" */ = {
			isa = XCRemoteSwiftPackageReference;
			repositoryURL = "https://github.com/apollographql/apollo-ios.git";
			requirement = {
				kind = upToNextMajorVersion;
				minimumVersion = 1.0.0;
			};
		};
/* End XCRemoteSwiftPackageReference section */

/* Begin XCSwiftPackageProductDependency section */
		C4851E2E2A3ABEA600176ACE /* Apollo */ = {
			isa = XCSwiftPackageProductDependency;
			package = C4851E2D2A3ABEA600176ACE /* XCRemoteSwiftPackageReference "apollo-ios" */;
			productName = Apollo;
		};
		C4851E362A3AD95100176ACE /* RickNMortyAPI */ = {
			isa = XCSwiftPackageProductDependency;
			productName = RickNMortyAPI;
		};
/* End XCSwiftPackageProductDependency section */
	};
	rootObject = C4EE09032A37C49200F663FB /* Project object */;
}
